Microsoft Visual Studio Solution File, Format Version 7.00
Project("{FAE04EC0-301F-11D3-BF4B-00C04F79EFBC}") = "CSharpComErrorClient", "CSharpComErrorClient.csproj", "{DD0C5D9A-43AA-4D7F-BD4B-91DA5D602392}"
EndProject
Global
	GlobalSection(SolutionConfiguration) = preSolution
		ConfigName.0 = Debug
		ConfigName.1 = Release
	EndGlobalSection
	GlobalSection(ProjectDependencies) = postSolution
	EndGlobalSection
	GlobalSection(ProjectConfiguration) = postSolution
		{DD0C5D9A-43AA-4D7F-BD4B-91DA5D602392}.Debug.ActiveCfg = Debug|.NET
		{DD0C5D9A-43AA-4D7F-BD4B-91DA5D602392}.Debug.Build.0 = Debug|.NET
		{DD0C5D9A-43AA-4D7F-BD4B-91DA5D602392}.Release.ActiveCfg = Release|.NET
		{DD0C5D9A-43AA-4D7F-BD4B-91DA5D602392}.Release.Build.0 = Release|.NET
	EndGlobalSection
	GlobalSection(ExtensibilityGlobals) = postSolution
	EndGlobalSection
	GlobalSection(ExtensibilityAddIns) = postSolution
	EndGlobalSection
EndGlobal
