Microsoft Visual Studio Solution File, Format Version 7.00
Project("{FAE04EC0-301F-11D3-BF4B-00C04F79EFBC}") = "DotNetMathServer", "DotNetMathServer.csproj", "{9347393B-280D-45D3-9FD8-C75987E90C32}"
EndProject
Global
	GlobalSection(SolutionConfiguration) = preSolution
		ConfigName.0 = Debug
		ConfigName.1 = Release
	EndGlobalSection
	GlobalSection(ProjectDependencies) = postSolution
	EndGlobalSection
	GlobalSection(ProjectConfiguration) = postSolution
		{9347393B-280D-45D3-9FD8-C75987E90C32}.Debug.ActiveCfg = Debug|.NET
		{9347393B-280D-45D3-9FD8-C75987E90C32}.Debug.Build.0 = Debug|.NET
		{9347393B-280D-45D3-9FD8-C75987E90C32}.Release.ActiveCfg = Release|.NET
		{9347393B-280D-45D3-9FD8-C75987E90C32}.Release.Build.0 = Release|.NET
	EndGlobalSection
	GlobalSection(ExtensibilityGlobals) = postSolution
	EndGlobalSection
	GlobalSection(ExtensibilityAddIns) = postSolution
	EndGlobalSection
EndGlobal
