Microsoft Visual Studio Solution File, Format Version 7.00
Project("{FAE04EC0-301F-11D3-BF4B-00C04F79EFBC}") = "CarObject", "CarObject.csproj", "{1AA8895C-19A9-4E4C-BA3A-CCEE89B7AF49}"
EndProject
Global
	GlobalSection(SolutionConfiguration) = preSolution
		ConfigName.0 = Debug
		ConfigName.1 = Release
	EndGlobalSection
	GlobalSection(ProjectDependencies) = postSolution
	EndGlobalSection
	GlobalSection(ProjectConfiguration) = postSolution
		{1AA8895C-19A9-4E4C-BA3A-CCEE89B7AF49}.Debug.ActiveCfg = Debug|.NET
		{1AA8895C-19A9-4E4C-BA3A-CCEE89B7AF49}.Debug.Build.0 = Debug|.NET
		{1AA8895C-19A9-4E4C-BA3A-CCEE89B7AF49}.Release.ActiveCfg = Release|.NET
		{1AA8895C-19A9-4E4C-BA3A-CCEE89B7AF49}.Release.Build.0 = Release|.NET
	EndGlobalSection
	GlobalSection(ExtensibilityGlobals) = postSolution
	EndGlobalSection
	GlobalSection(ExtensibilityAddIns) = postSolution
	EndGlobalSection
EndGlobal
