Microsoft Visual Studio Solution File, Format Version 7.00
Project("{FAE04EC0-301F-11D3-BF4B-00C04F79EFBC}") = "CarClientApplication", "CarClientApplication.csproj", "{ECEB8815-62B4-477C-BEF4-20FFAF122D3B}"
EndProject
Global
	GlobalSection(SolutionConfiguration) = preSolution
		ConfigName.0 = Debug
		ConfigName.1 = Release
	EndGlobalSection
	GlobalSection(ProjectDependencies) = postSolution
	EndGlobalSection
	GlobalSection(ProjectConfiguration) = postSolution
		{ECEB8815-62B4-477C-BEF4-20FFAF122D3B}.Debug.ActiveCfg = Debug|.NET
		{ECEB8815-62B4-477C-BEF4-20FFAF122D3B}.Debug.Build.0 = Debug|.NET
		{ECEB8815-62B4-477C-BEF4-20FFAF122D3B}.Release.ActiveCfg = Release|.NET
		{ECEB8815-62B4-477C-BEF4-20FFAF122D3B}.Release.Build.0 = Release|.NET
	EndGlobalSection
	GlobalSection(ExtensibilityGlobals) = postSolution
	EndGlobalSection
	GlobalSection(ExtensibilityAddIns) = postSolution
	EndGlobalSection
EndGlobal
