Microsoft Visual Studio Solution File, Format Version 7.00
Project("{FAE04EC0-301F-11D3-BF4B-00C04F79EFBC}") = "SimpleAPIInvoke", "SimpleAPIInvoke.csproj", "{636B32FC-87DC-422E-9C3C-776B1D9C4D84}"
EndProject
Global
	GlobalSection(SolutionConfiguration) = preSolution
		ConfigName.0 = Debug
		ConfigName.1 = Release
	EndGlobalSection
	GlobalSection(ProjectDependencies) = postSolution
	EndGlobalSection
	GlobalSection(ProjectConfiguration) = postSolution
		{636B32FC-87DC-422E-9C3C-776B1D9C4D84}.Debug.ActiveCfg = Debug|.NET
		{636B32FC-87DC-422E-9C3C-776B1D9C4D84}.Debug.Build.0 = Debug|.NET
		{636B32FC-87DC-422E-9C3C-776B1D9C4D84}.Release.ActiveCfg = Release|.NET
		{636B32FC-87DC-422E-9C3C-776B1D9C4D84}.Release.Build.0 = Release|.NET
	EndGlobalSection
	GlobalSection(ExtensibilityGlobals) = postSolution
	EndGlobalSection
	GlobalSection(ExtensibilityAddIns) = postSolution
	EndGlobalSection
EndGlobal
