Microsoft Visual Studio Solution File, Format Version 7.00
Project("{F184B08F-C81C-45F6-A57F-5ABD9991F28F}") = "VbNetCarLibrary", "VbNetCarLibrary.vbproj", "{9B95D2B0-5FA7-4B9E-B2BA-573AD8CDA5AC}"
EndProject
Global
	GlobalSection(SolutionConfiguration) = preSolution
		ConfigName.0 = Debug
		ConfigName.1 = Release
	EndGlobalSection
	GlobalSection(ProjectDependencies) = postSolution
	EndGlobalSection
	GlobalSection(ProjectConfiguration) = postSolution
		{9B95D2B0-5FA7-4B9E-B2BA-573AD8CDA5AC}.Debug.ActiveCfg = Debug|.NET
		{9B95D2B0-5FA7-4B9E-B2BA-573AD8CDA5AC}.Debug.Build.0 = Debug|.NET
		{9B95D2B0-5FA7-4B9E-B2BA-573AD8CDA5AC}.Release.ActiveCfg = Release|.NET
		{9B95D2B0-5FA7-4B9E-B2BA-573AD8CDA5AC}.Release.Build.0 = Release|.NET
	EndGlobalSection
	GlobalSection(ExtensibilityGlobals) = postSolution
	EndGlobalSection
	GlobalSection(ExtensibilityAddIns) = postSolution
	EndGlobalSection
EndGlobal
