Microsoft Visual Studio Solution File, Format Version 7.00
Project("{FAE04EC0-301F-11D3-BF4B-00C04F79EFBC}") = "CSharpVariantClient", "CSharpVariantClient.csproj", "{FEAFD730-0955-4489-90B7-376EDECE486D}"
EndProject
Global
	GlobalSection(SolutionConfiguration) = preSolution
		ConfigName.0 = Debug
		ConfigName.1 = Release
	EndGlobalSection
	GlobalSection(ProjectDependencies) = postSolution
	EndGlobalSection
	GlobalSection(ProjectConfiguration) = postSolution
		{FEAFD730-0955-4489-90B7-376EDECE486D}.Debug.ActiveCfg = Debug|.NET
		{FEAFD730-0955-4489-90B7-376EDECE486D}.Debug.Build.0 = Debug|.NET
		{FEAFD730-0955-4489-90B7-376EDECE486D}.Release.ActiveCfg = Release|.NET
		{FEAFD730-0955-4489-90B7-376EDECE486D}.Release.Build.0 = Release|.NET
	EndGlobalSection
	GlobalSection(ExtensibilityGlobals) = postSolution
	EndGlobalSection
	GlobalSection(ExtensibilityAddIns) = postSolution
	EndGlobalSection
EndGlobal
