Microsoft Visual Studio Solution File, Format Version 7.00
Project("{FAE04EC0-301F-11D3-BF4B-00C04F79EFBC}") = "ManagedComDefs", "ManagedComDefs.csproj", "{436B1158-D947-49CD-B541-CB2511A418A2}"
EndProject
Global
	GlobalSection(SolutionConfiguration) = preSolution
		ConfigName.0 = Debug
		ConfigName.1 = Release
	EndGlobalSection
	GlobalSection(ProjectDependencies) = postSolution
	EndGlobalSection
	GlobalSection(ProjectConfiguration) = postSolution
		{436B1158-D947-49CD-B541-CB2511A418A2}.Debug.ActiveCfg = Debug|.NET
		{436B1158-D947-49CD-B541-CB2511A418A2}.Debug.Build.0 = Debug|.NET
		{436B1158-D947-49CD-B541-CB2511A418A2}.Release.ActiveCfg = Release|.NET
		{436B1158-D947-49CD-B541-CB2511A418A2}.Release.Build.0 = Release|.NET
	EndGlobalSection
	GlobalSection(ExtensibilityGlobals) = postSolution
	EndGlobalSection
	GlobalSection(ExtensibilityAddIns) = postSolution
	EndGlobalSection
EndGlobal
