Microsoft Visual Studio Solution File, Format Version 7.00
Project("{FAE04EC0-301F-11D3-BF4B-00C04F79EFBC}") = "SimpleCodeDOM", "SimpleCodeDOM.csproj", "{249BC191-DE0D-424F-9D53-24030C20F754}"
EndProject
Global
	GlobalSection(SolutionConfiguration) = preSolution
		ConfigName.0 = Debug
		ConfigName.1 = Release
	EndGlobalSection
	GlobalSection(ProjectDependencies) = postSolution
	EndGlobalSection
	GlobalSection(ProjectConfiguration) = postSolution
		{249BC191-DE0D-424F-9D53-24030C20F754}.Debug.ActiveCfg = Debug|.NET
		{249BC191-DE0D-424F-9D53-24030C20F754}.Debug.Build.0 = Debug|.NET
		{249BC191-DE0D-424F-9D53-24030C20F754}.Release.ActiveCfg = Release|.NET
		{249BC191-DE0D-424F-9D53-24030C20F754}.Release.Build.0 = Release|.NET
	EndGlobalSection
	GlobalSection(ExtensibilityGlobals) = postSolution
	EndGlobalSection
	GlobalSection(ExtensibilityAddIns) = postSolution
	EndGlobalSection
EndGlobal
