Microsoft Visual Studio Solution File, Format Version 7.00
Project("{FAE04EC0-301F-11D3-BF4B-00C04F79EFBC}") = "DotNetEventServer", "DotNetEventServer.csproj", "{7CF200F6-FEFE-4733-8A70-B94540530D36}"
EndProject
Global
	GlobalSection(SolutionConfiguration) = preSolution
		ConfigName.0 = Debug
		ConfigName.1 = Release
	EndGlobalSection
	GlobalSection(ProjectDependencies) = postSolution
	EndGlobalSection
	GlobalSection(ProjectConfiguration) = postSolution
		{7CF200F6-FEFE-4733-8A70-B94540530D36}.Debug.ActiveCfg = Debug|.NET
		{7CF200F6-FEFE-4733-8A70-B94540530D36}.Debug.Build.0 = Debug|.NET
		{7CF200F6-FEFE-4733-8A70-B94540530D36}.Release.ActiveCfg = Release|.NET
		{7CF200F6-FEFE-4733-8A70-B94540530D36}.Release.Build.0 = Release|.NET
	EndGlobalSection
	GlobalSection(ExtensibilityGlobals) = postSolution
	EndGlobalSection
	GlobalSection(ExtensibilityAddIns) = postSolution
	EndGlobalSection
EndGlobal
