Microsoft Visual Studio Solution File, Format Version 7.00
Project("{FAE04EC0-301F-11D3-BF4B-00C04F79EFBC}") = "CSharpComStructClient", "CSharpComStructClient.csproj", "{FDC1C478-E658-4BB0-B524-D1350F065588}"
EndProject
Global
	GlobalSection(SolutionConfiguration) = preSolution
		ConfigName.0 = Debug
		ConfigName.1 = Release
	EndGlobalSection
	GlobalSection(ProjectDependencies) = postSolution
	EndGlobalSection
	GlobalSection(ProjectConfiguration) = postSolution
		{FDC1C478-E658-4BB0-B524-D1350F065588}.Debug.ActiveCfg = Debug|.NET
		{FDC1C478-E658-4BB0-B524-D1350F065588}.Debug.Build.0 = Debug|.NET
		{FDC1C478-E658-4BB0-B524-D1350F065588}.Release.ActiveCfg = Release|.NET
		{FDC1C478-E658-4BB0-B524-D1350F065588}.Release.Build.0 = Release|.NET
	EndGlobalSection
	GlobalSection(ExtensibilityGlobals) = postSolution
	EndGlobalSection
	GlobalSection(ExtensibilityAddIns) = postSolution
	EndGlobalSection
EndGlobal
