Microsoft Visual Studio Solution File, Format Version 7.00
Project("{FAE04EC0-301F-11D3-BF4B-00C04F79EFBC}") = "FunWithType", "FunWithType.csproj", "{9CDB1AF4-2A1E-49C9-A377-F4D04C1F2112}"
EndProject
Global
	GlobalSection(SolutionConfiguration) = preSolution
		ConfigName.0 = Debug
		ConfigName.1 = Release
	EndGlobalSection
	GlobalSection(ProjectDependencies) = postSolution
	EndGlobalSection
	GlobalSection(ProjectConfiguration) = postSolution
		{9CDB1AF4-2A1E-49C9-A377-F4D04C1F2112}.Debug.ActiveCfg = Debug|.NET
		{9CDB1AF4-2A1E-49C9-A377-F4D04C1F2112}.Debug.Build.0 = Debug|.NET
		{9CDB1AF4-2A1E-49C9-A377-F4D04C1F2112}.Release.ActiveCfg = Release|.NET
		{9CDB1AF4-2A1E-49C9-A377-F4D04C1F2112}.Release.Build.0 = Release|.NET
	EndGlobalSection
	GlobalSection(ExtensibilityGlobals) = postSolution
	EndGlobalSection
	GlobalSection(ExtensibilityAddIns) = postSolution
	EndGlobalSection
EndGlobal
