Microsoft Visual Studio Solution File, Format Version 7.00
Project("{FAE04EC0-301F-11D3-BF4B-00C04F79EFBC}") = "CSharpAxControlHost", "CSharpAxControlHost.csproj", "{57684C34-0D42-42F6-8D76-52F06A845ABC}"
EndProject
Global
	GlobalSection(SolutionConfiguration) = preSolution
		ConfigName.0 = Debug
		ConfigName.1 = Release
	EndGlobalSection
	GlobalSection(ProjectDependencies) = postSolution
	EndGlobalSection
	GlobalSection(ProjectConfiguration) = postSolution
		{57684C34-0D42-42F6-8D76-52F06A845ABC}.Debug.ActiveCfg = Debug|.NET
		{57684C34-0D42-42F6-8D76-52F06A845ABC}.Debug.Build.0 = Debug|.NET
		{57684C34-0D42-42F6-8D76-52F06A845ABC}.Release.ActiveCfg = Release|.NET
		{57684C34-0D42-42F6-8D76-52F06A845ABC}.Release.Build.0 = Release|.NET
	EndGlobalSection
	GlobalSection(ExtensibilityGlobals) = postSolution
	EndGlobalSection
	GlobalSection(ExtensibilityAddIns) = postSolution
	EndGlobalSection
EndGlobal
