Microsoft Visual Studio Solution File, Format Version 7.00
Project("{FAE04EC0-301F-11D3-BF4B-00C04F79EFBC}") = "DotNetCollection", "DotNetCollection.csproj", "{5F3B6C4B-E571-43A9-911F-2198D7D3FFC1}"
EndProject
Global
	GlobalSection(SolutionConfiguration) = preSolution
		ConfigName.0 = Debug
		ConfigName.1 = Release
	EndGlobalSection
	GlobalSection(ProjectDependencies) = postSolution
	EndGlobalSection
	GlobalSection(ProjectConfiguration) = postSolution
		{5F3B6C4B-E571-43A9-911F-2198D7D3FFC1}.Debug.ActiveCfg = Debug|.NET
		{5F3B6C4B-E571-43A9-911F-2198D7D3FFC1}.Debug.Build.0 = Debug|.NET
		{5F3B6C4B-E571-43A9-911F-2198D7D3FFC1}.Release.ActiveCfg = Release|.NET
		{5F3B6C4B-E571-43A9-911F-2198D7D3FFC1}.Release.Build.0 = Release|.NET
	EndGlobalSection
	GlobalSection(ExtensibilityGlobals) = postSolution
	EndGlobalSection
	GlobalSection(ExtensibilityAddIns) = postSolution
	EndGlobalSection
EndGlobal
