Microsoft Visual Studio Solution File, Format Version 7.00
Project("{FAE04EC0-301F-11D3-BF4B-00C04F79EFBC}") = "DotNetInterfaceHierarchyServer", "DotNetInterfaceHierarchyServer.csproj", "{BCC52265-B91E-4F31-87ED-654D41FB4823}"
EndProject
Global
	GlobalSection(SolutionConfiguration) = preSolution
		ConfigName.0 = Debug
		ConfigName.1 = Release
	EndGlobalSection
	GlobalSection(ProjectDependencies) = postSolution
	EndGlobalSection
	GlobalSection(ProjectConfiguration) = postSolution
		{BCC52265-B91E-4F31-87ED-654D41FB4823}.Debug.ActiveCfg = Debug|.NET
		{BCC52265-B91E-4F31-87ED-654D41FB4823}.Debug.Build.0 = Debug|.NET
		{BCC52265-B91E-4F31-87ED-654D41FB4823}.Release.ActiveCfg = Release|.NET
		{BCC52265-B91E-4F31-87ED-654D41FB4823}.Release.Build.0 = Release|.NET
	EndGlobalSection
	GlobalSection(ExtensibilityGlobals) = postSolution
	EndGlobalSection
	GlobalSection(ExtensibilityAddIns) = postSolution
	EndGlobalSection
EndGlobal
