Microsoft Visual Studio Solution File, Format Version 7.00
Project("{FAE04EC0-301F-11D3-BF4B-00C04F79EFBC}") = "CSharpComEventClient", "CSharpComEventClient.csproj", "{E24E10E3-FC9E-443A-8994-3C6F3F74CE8D}"
EndProject
Global
	GlobalSection(SolutionConfiguration) = preSolution
		ConfigName.0 = Debug
		ConfigName.1 = Release
	EndGlobalSection
	GlobalSection(ProjectDependencies) = postSolution
	EndGlobalSection
	GlobalSection(ProjectConfiguration) = postSolution
		{E24E10E3-FC9E-443A-8994-3C6F3F74CE8D}.Debug.ActiveCfg = Debug|.NET
		{E24E10E3-FC9E-443A-8994-3C6F3F74CE8D}.Debug.Build.0 = Debug|.NET
		{E24E10E3-FC9E-443A-8994-3C6F3F74CE8D}.Release.ActiveCfg = Release|.NET
		{E24E10E3-FC9E-443A-8994-3C6F3F74CE8D}.Release.Build.0 = Release|.NET
	EndGlobalSection
	GlobalSection(ExtensibilityGlobals) = postSolution
	EndGlobalSection
	GlobalSection(ExtensibilityAddIns) = postSolution
	EndGlobalSection
EndGlobal
