Microsoft Visual Studio Solution File, Format Version 7.00
Project("{FAE04EC0-301F-11D3-BF4B-00C04F79EFBC}") = "CSharpRawComClient", "CSharpRawComClient.csproj", "{58B3B55E-7D39-4D98-BF5D-062A76893180}"
EndProject
Global
	GlobalSection(SolutionConfiguration) = preSolution
		ConfigName.0 = Debug
		ConfigName.1 = Release
	EndGlobalSection
	GlobalSection(ProjectDependencies) = postSolution
	EndGlobalSection
	GlobalSection(ProjectConfiguration) = postSolution
		{58B3B55E-7D39-4D98-BF5D-062A76893180}.Debug.ActiveCfg = Debug|.NET
		{58B3B55E-7D39-4D98-BF5D-062A76893180}.Debug.Build.0 = Debug|.NET
		{58B3B55E-7D39-4D98-BF5D-062A76893180}.Release.ActiveCfg = Release|.NET
		{58B3B55E-7D39-4D98-BF5D-062A76893180}.Release.Build.0 = Release|.NET
	EndGlobalSection
	GlobalSection(ExtensibilityGlobals) = postSolution
	EndGlobalSection
	GlobalSection(ExtensibilityAddIns) = postSolution
	EndGlobalSection
EndGlobal
